PODS:
  - "app_settings (3.0.0+1)":
    - Flutter
  - AppAuth (1.4.0):
    - AppAuth/Core (= 1.4.0)
    - AppAuth/ExternalUserAgent (= 1.4.0)
  - AppAuth/Core (1.4.0)
  - AppAuth/ExternalUserAgent (1.4.0)
  - connectivity (0.0.1):
    - Flutter
    - Reachability
  - FBSDKCoreKit (9.1.0):
    - FBSDKCoreKit/Basics (= 9.1.0)
    - FBSDKCoreKit/Core (= 9.1.0)
  - FBSDKCoreKit/Basics (9.1.0)
  - FBSDKCoreKit/Core (9.1.0):
    - FBSDKCoreKit/Basics
  - FBSDKLoginKit (9.1.0):
    - FBSDKLoginKit/Login (= 9.1.0)
  - FBSDKLoginKit/Login (9.1.0):
    - FBSDKCoreKit (~> 9.1.0)
  - Flutter (1.0.0)
  - flutter_facebook_auth (1.0.0):
    - FBSDKCoreKit (~> 9.1.0)
    - FBSDKLoginKit (~> 9.1.0)
    - Flutter
  - fluttertoast (0.0.2):
    - Flutter
    - Toast
  - FMDB (2.7.5):
    - FMDB/standard (= 2.7.5)
  - FMDB/standard (2.7.5)
  - geolocator (6.2.0):
    - Flutter
  - google_sign_in (0.0.1):
    - Flutter
    - GoogleSignIn (~> 5.0)
  - GoogleSignIn (5.0.2):
    - AppAuth (~> 1.2)
    - GTMAppAuth (~> 1.0)
    - GTMSessionFetcher/Core (~> 1.1)
  - GTMAppAuth (1.2.2):
    - AppAuth/Core (~> 1.4)
    - GTMSessionFetcher/Core (~> 1.5)
  - GTMSessionFetcher/Core (1.5.0)
  - image_cropper (0.0.4):
    - Flutter
    - TOCropViewController (~> 2.6.0)
  - image_picker (0.0.1):
    - Flutter
  - OneSignal (2.16.3)
  - onesignal_flutter (2.6.3):
    - Flutter
    - OneSignal (= 2.16.3)
  - path_provider (0.0.1):
    - Flutter
  - "permission_handler (5.1.0+2)":
    - Flutter
  - photo_manager (0.0.1):
    - Flutter
  - Reachability (3.2)
  - sqflite (0.0.2):
    - Flutter
    - FMDB (>= 2.7.5)
  - Toast (4.0.0)
  - TOCropViewController (2.6.0)
  - vibration (1.7.4-nullsafety.0):
    - Flutter

DEPENDENCIES:
  - app_settings (from `.symlinks/plugins/app_settings/ios`)
  - connectivity (from `.symlinks/plugins/connectivity/ios`)
  - Flutter (from `Flutter`)
  - flutter_facebook_auth (from `.symlinks/plugins/flutter_facebook_auth/ios`)
  - fluttertoast (from `.symlinks/plugins/fluttertoast/ios`)
  - geolocator (from `.symlinks/plugins/geolocator/ios`)
  - google_sign_in (from `.symlinks/plugins/google_sign_in/ios`)
  - image_cropper (from `.symlinks/plugins/image_cropper/ios`)
  - image_picker (from `.symlinks/plugins/image_picker/ios`)
  - onesignal_flutter (from `.symlinks/plugins/onesignal_flutter/ios`)
  - path_provider (from `.symlinks/plugins/path_provider/ios`)
  - permission_handler (from `.symlinks/plugins/permission_handler/ios`)
  - photo_manager (from `.symlinks/plugins/photo_manager/ios`)
  - sqflite (from `.symlinks/plugins/sqflite/ios`)
  - vibration (from `.symlinks/plugins/vibration/ios`)

SPEC REPOS:
  trunk:
    - AppAuth
    - FBSDKCoreKit
    - FBSDKLoginKit
    - FMDB
    - GoogleSignIn
    - GTMAppAuth
    - GTMSessionFetcher
    - OneSignal
    - Reachability
    - Toast
    - TOCropViewController

EXTERNAL SOURCES:
  app_settings:
    :path: ".symlinks/plugins/app_settings/ios"
  connectivity:
    :path: ".symlinks/plugins/connectivity/ios"
  Flutter:
    :path: Flutter
  flutter_facebook_auth:
    :path: ".symlinks/plugins/flutter_facebook_auth/ios"
  fluttertoast:
    :path: ".symlinks/plugins/fluttertoast/ios"
  geolocator:
    :path: ".symlinks/plugins/geolocator/ios"
  google_sign_in:
    :path: ".symlinks/plugins/google_sign_in/ios"
  image_cropper:
    :path: ".symlinks/plugins/image_cropper/ios"
  image_picker:
    :path: ".symlinks/plugins/image_picker/ios"
  onesignal_flutter:
    :path: ".symlinks/plugins/onesignal_flutter/ios"
  path_provider:
    :path: ".symlinks/plugins/path_provider/ios"
  permission_handler:
    :path: ".symlinks/plugins/permission_handler/ios"
  photo_manager:
    :path: ".symlinks/plugins/photo_manager/ios"
  sqflite:
    :path: ".symlinks/plugins/sqflite/ios"
  vibration:
    :path: ".symlinks/plugins/vibration/ios"

SPEC CHECKSUMS:
  app_settings: d103828c9f5d515c4df9ee754dabd443f7cedcf3
  AppAuth: 31bcec809a638d7bd2f86ea8a52bd45f6e81e7c7
  connectivity: c4130b2985d4ef6fd26f9702e886bd5260681467
  FBSDKCoreKit: a00fe2efd780c195a5e09201bf51c56106245b40
  FBSDKLoginKit: d98498c598ec09de657385a9349a1f21119b7f86
  Flutter: 434fef37c0980e73bb6479ef766c45957d4b510c
  flutter_facebook_auth: 24b6e255a5b2336963da48d0d3eeee4df824c0ed
  fluttertoast: 6122fa75143e992b1d3470f61000f591a798cc58
  FMDB: 2ce00b547f966261cd18927a3ddb07cb6f3db82a
  geolocator: f5e3de65e241caba7ce3e8a618803387bda73384
  google_sign_in: 6bd214b9c154f881422f5fe27b66aaa7bbd580cc
  GoogleSignIn: 7137d297ddc022a7e0aa4619c86d72c909fa7213
  GTMAppAuth: ad5c2b70b9a8689e1a04033c9369c4915bfcbe89
  GTMSessionFetcher: b3503b20a988c4e20cc189aa798fd18220133f52
  image_cropper: f1668dd8d2cad2d357955caad15a40547856edcb
  image_picker: 50e7c7ff960e5f58faa4d1f4af84a771c671bc4a
  OneSignal: fd223b247d46e0aa97c7712f3e031c29798d018a
  onesignal_flutter: 605e4ed3c95a9705db9f5073a66ac6d0045b3fee
  path_provider: abfe2b5c733d04e238b0d8691db0cfd63a27a93c
  permission_handler: ccb20a9fad0ee9b1314a52b70b76b473c5f8dab0
  photo_manager: f7c619c2cc8c2adb8d85c63363babac477de9c67
  Reachability: 33e18b67625424e47b6cde6d202dce689ad7af96
  sqflite: 6d358c025f5b867b29ed92fc697fd34924e11904
  Toast: 91b396c56ee72a5790816f40d3a94dd357abc196
  TOCropViewController: 3105367e808b7d3d886a74ff59bf4804e7d3ab38
  vibration: 1ec279c4a1a7a646627b54039d812334b3f1114a

PODFILE CHECKSUM: aafe91acc616949ddb318b77800a7f51bffa2a4c

COCOAPODS: 1.10.0
